// !$*UTF8*$!
{
	archiveVersion = 1;
	classes = {
	};
	objectVersion = 50;
	objects = {

/* Begin PBXBuildFile section */
		6B8F1C6D22200041004E9242 /* AppDelegate.swift in Sources */ = {isa = PBXBuildFile; fileRef = 6B8F1C6C22200041004E9242 /* AppDelegate.swift */; };
		6B8F1C6F22200041004E9242 /* ViewController.swift in Sources */ = {isa = PBXBuildFile; fileRef = 6B8F1C6E22200041004E9242 /* ViewController.swift */; };
		6B8F1C7222200041004E9242 /* Main.storyboard in Resources */ = {isa = PBXBuildFile; fileRef = 6B8F1C7022200041004E9242 /* Main.storyboard */; };
		6B8F1C7422200042004E9242 /* Assets.xcassets in Resources */ = {isa = PBXBuildFile; fileRef = 6B8F1C7322200042004E9242 /* Assets.xcassets */; };
		6B8F1C7722200042004E9242 /* LaunchScreen.storyboard in Resources */ = {isa = PBXBuildFile; fileRef = 6B8F1C7522200042004E9242 /* LaunchScreen.storyboard */; };
		6B8F1C8222200042004E9242 /* InterventionTests.swift in Sources */ = {isa = PBXBuildFile; fileRef = 6B8F1C8122200042004E9242 /* InterventionTests.swift */; };
		6B8F1C8D22200042004E9242 /* InterventionUITests.swift in Sources */ = {isa = PBXBuildFile; fileRef = 6B8F1C8C22200042004E9242 /* InterventionUITests.swift */; };
/* End PBXBuildFile section */

/* Begin PBXContainerItemProxy section */
		6B8F1C7E22200042004E9242 /* PBXContainerItemProxy */ = {
			isa = PBXContainerItemProxy;
			containerPortal = 6B8F1C6122200041004E9242 /* Project object */;
			proxyType = 1;
			remoteGlobalIDString = 6B8F1C6822200041004E9242;
			remoteInfo = Intervention;
		};
		6B8F1C8922200042004E9242 /* PBXContainerItemProxy */ = {
			isa = PBXContainerItemProxy;
			containerPortal = 6B8F1C6122200041004E9242 /* Project object */;
			proxyType = 1;
			remoteGlobalIDString = 6B8F1C6822200041004E9242;
			remoteInfo = Intervention;
		};
/* End PBXContainerItemProxy section */

/* Begin PBXFileReference section */
		6B8F1C6922200041004E9242 /* Intervention.app */ = {isa = PBXFileReference; explicitFileType = wrapper.application; includeInIndex = 0; path = Intervention.app; sourceTree = BUILT_PRODUCTS_DIR; };
		6B8F1C6C22200041004E9242 /* AppDelegate.swift */ = {isa = PBXFileReference; lastKnownFileType = sourcecode.swift; path = AppDelegate.swift; sourceTree = "<group>"; };
		6B8F1C6E22200041004E9242 /* ViewController.swift */ = {isa = PBXFileReference; lastKnownFileType = sourcecode.swift; path = ViewController.swift; sourceTree = "<group>"; };
		6B8F1C7122200041004E9242 /* Base */ = {isa = PBXFileReference; lastKnownFileType = file.storyboard; name = Base; path = Base.lproj/Main.storyboard; sourceTree = "<group>"; };
		6B8F1C7322200042004E9242 /* Assets.xcassets */ = {isa = PBXFileReference; lastKnownFileType = folder.assetcatalog; path = Assets.xcassets; sourceTree = "<group>"; };
		6B8F1C7622200042004E9242 /* Base */ = {isa = PBXFileReference; lastKnownFileType = file.storyboard; name = Base; path = Base.lproj/LaunchScreen.storyboard; sourceTree = "<group>"; };
		6B8F1C7822200042004E9242 /* Info.plist */ = {isa = PBXFileReference; lastKnownFileType = text.plist.xml; path = Info.plist; sourceTree = "<group>"; };
		6B8F1C7D22200042004E9242 /* InterventionTests.xctest */ = {isa = PBXFileReference; explicitFileType = wrapper.cfbundle; includeInIndex = 0; path = InterventionTests.xctest; sourceTree = BUILT_PRODUCTS_DIR; };
		6B8F1C8122200042004E9242 /* InterventionTests.swift */ = {isa = PBXFileReference; lastKnownFileType = sourcecode.swift; path = InterventionTests.swift; sourceTree = "<group>"; };
		6B8F1C8322200042004E9242 /* Info.plist */ = {isa = PBXFileReference; lastKnownFileType = text.plist.xml; path = Info.plist; sourceTree = "<group>"; };
		6B8F1C8822200042004E9242 /* InterventionUITests.xctest */ = {isa = PBXFileReference; explicitFileType = wrapper.cfbundle; includeInIndex = 0; path = InterventionUITests.xctest; sourceTree = BUILT_PRODUCTS_DIR; };
		6B8F1C8C22200042004E9242 /* InterventionUITests.swift */ = {isa = PBXFileReference; lastKnownFileType = sourcecode.swift; path = InterventionUITests.swift; sourceTree = "<group>"; };
		6B8F1C8E22200042004E9242 /* Info.plist */ = {isa = PBXFileReference; lastKnownFileType = text.plist.xml; path = Info.plist; sourceTree = "<group>"; };
/* End PBXFileReference section */

/* Begin PBXFrameworksBuildPhase section */
		6B8F1C6622200041004E9242 /* Frameworks */ = {
			isa = PBXFrameworksBuildPhase;
			buildActionMask = 2147483647;
			files = (
			);
			runOnlyForDeploymentPostprocessing = 0;
		};
		6B8F1C7A22200042004E9242 /* Frameworks */ = {
			isa = PBXFrameworksBuildPhase;
			buildActionMask = 2147483647;
			files = (
			);
			runOnlyForDeploymentPostprocessing = 0;
		};
		6B8F1C8522200042004E9242 /* Frameworks */ = {
			isa = PBXFrameworksBuildPhase;
			buildActionMask = 2147483647;
			files = (
			);
			runOnlyForDeploymentPostprocessing = 0;
		};
/* End PBXFrameworksBuildPhase section */

/* Begin PBXGroup section */
		6B8F1C6022200041004E9242 = {
			isa = PBXGroup;
			children = (
				6B8F1C6B22200041004E9242 /* Intervention */,
				6B8F1C8022200042004E9242 /* InterventionTests */,
				6B8F1C8B22200042004E9242 /* InterventionUITests */,
				6B8F1C6A22200041004E9242 /* Products */,
			);
			sourceTree = "<group>";
		};
		6B8F1C6A22200041004E9242 /* Products */ = {
			isa = PBXGroup;
			children = (
				6B8F1C6922200041004E9242 /* Intervention.app */,
				6B8F1C7D22200042004E9242 /* InterventionTests.xctest */,
				6B8F1C8822200042004E9242 /* InterventionUITests.xctest */,
			);
			name = Products;
			sourceTree = "<group>";
		};
		6B8F1C6B22200041004E9242 /* Intervention */ = {
			isa = PBXGroup;
			children = (
				6B8F1C6C22200041004E9242 /* AppDelegate.swift */,
				6B8F1C6E22200041004E9242 /* ViewController.swift */,
				6B8F1C7022200041004E9242 /* Main.storyboard */,
				6B8F1C7322200042004E9242 /* Assets.xcassets */,
				6B8F1C7522200042004E9242 /* LaunchScreen.storyboard */,
				6B8F1C7822200042004E9242 /* Info.plist */,
			);
			path = Intervention;
			sourceTree = "<group>";
		};
		6B8F1C8022200042004E9242 /* InterventionTests */ = {
			isa = PBXGroup;
			children = (
				6B8F1C8122200042004E9242 /* InterventionTests.swift */,
				6B8F1C8322200042004E9242 /* Info.plist */,
			);
			path = InterventionTests;
			sourceTree = "<group>";
		};
		6B8F1C8B22200042004E9242 /* InterventionUITests */ = {
			isa = PBXGroup;
			children = (
				6B8F1C8C22200042004E9242 /* InterventionUITests.swift */,
				6B8F1C8E22200042004E9242 /* Info.plist */,
			);
			path = InterventionUITests;
			sourceTree = "<group>";
		};
/* End PBXGroup section */

/* Begin PBXNativeTarget section */
		6B8F1C6822200041004E9242 /* Intervention */ = {
			isa = PBXNativeTarget;
			buildConfigurationList = 6B8F1C9122200042004E9242 /* Build configuration list for PBXNativeTarget "Intervention" */;
			buildPhases = (
				6B8F1C6522200041004E9242 /* Sources */,
				6B8F1C6622200041004E9242 /* Frameworks */,
				6B8F1C6722200041004E9242 /* Resources */,
			);
			buildRules = (
			);
			dependencies = (
			);
			name = Intervention;
			productName = Intervention;
			productReference = 6B8F1C6922200041004E9242 /* Intervention.app */;
			productType = "com.apple.product-type.application";
		};
		6B8F1C7C22200042004E9242 /* InterventionTests */ = {
			isa = PBXNativeTarget;
			buildConfigurationList = 6B8F1C9422200042004E9242 /* Build configuration list for PBXNativeTarget "InterventionTests" */;
			buildPhases = (
				6B8F1C7922200042004E9242 /* Sources */,
				6B8F1C7A22200042004E9242 /* Frameworks */,
				6B8F1C7B22200042004E9242 /* Resources */,
			);
			buildRules = (
			);
			dependencies = (
				6B8F1C7F22200042004E9242 /* PBXTargetDependency */,
			);
			name = InterventionTests;
			productName = InterventionTests;
			productReference = 6B8F1C7D22200042004E9242 /* InterventionTests.xctest */;
			productType = "com.apple.product-type.bundle.unit-test";
		};
		6B8F1C8722200042004E9242 /* InterventionUITests */ = {
			isa = PBXNativeTarget;
			buildConfigurationList = 6B8F1C9722200042004E9242 /* Build configuration list for PBXNativeTarget "InterventionUITests" */;
			buildPhases = (
				6B8F1C8422200042004E9242 /* Sources */,
				6B8F1C8522200042004E9242 /* Frameworks */,
				6B8F1C8622200042004E9242 /* Resources */,
			);
			buildRules = (
			);
			dependencies = (
				6B8F1C8A22200042004E9242 /* PBXTargetDependency */,
			);
			name = InterventionUITests;
			productName = InterventionUITests;
			productReference = 6B8F1C8822200042004E9242 /* InterventionUITests.xctest */;
			productType = "com.apple.product-type.bundle.ui-testing";
		};
/* End PBXNativeTarget section */

/* Begin PBXProject section */
		6B8F1C6122200041004E9242 /* Project object */ = {
			isa = PBXProject;
			attributes = {
				LastSwiftUpdateCheck = 1010;
				LastUpgradeCheck = 1010;
				ORGANIZATIONNAME = "Naughty Server";
				TargetAttributes = {
					6B8F1C6822200041004E9242 = {
						CreatedOnToolsVersion = 10.1;
					};
					6B8F1C7C22200042004E9242 = {
						CreatedOnToolsVersion = 10.1;
						TestTargetID = 6B8F1C6822200041004E9242;
					};
					6B8F1C8722200042004E9242 = {
						CreatedOnToolsVersion = 10.1;
						TestTargetID = 6B8F1C6822200041004E9242;
					};
				};
			};
			buildConfigurationList = 6B8F1C6422200041004E9242 /* Build configuration list for PBXProject "Intervention" */;
			compatibilityVersion = "Xcode 9.3";
			developmentRegion = en;
			hasScannedForEncodings = 0;
			knownRegions = (
				en,
				Base,
			);
			mainGroup = 6B8F1C6022200041004E9242;
			productRefGroup = 6B8F1C6A22200041004E9242 /* Products */;
			projectDirPath = "";
			projectRoot = "";
			targets = (
				6B8F1C6822200041004E9242 /* Intervention */,
				6B8F1C7C22200042004E9242 /* InterventionTests */,
				6B8F1C8722200042004E9242 /* InterventionUITests */,
			);
		};
/* End PBXProject section */

/* Begin PBXResourcesBuildPhase section */
		6B8F1C6722200041004E9242 /* Resources */ = {
			isa = PBXResourcesBuildPhase;
			buildActionMask = 2147483647;
			files = (
				6B8F1C7722200042004E9242 /* LaunchScreen.storyboard in Resources */,
				6B8F1C7422200042004E9242 /* Assets.xcassets in Resources */,
				6B8F1C7222200041004E9242 /* Main.storyboard in Resources */,
			);
			runOnlyForDeploymentPostprocessing = 0;
		};
		6B8F1C7B22200042004E9242 /* Resources */ = {
			isa = PBXResourcesBuildPhase;
			buildActionMask = 2147483647;
			files = (
			);
			runOnlyForDeploymentPostprocessing = 0;
		};
		6B8F1C8622200042004E9242 /* Resources */ = {
			isa = PBXResourcesBuildPhase;
			buildActionMask = 2147483647;
			files = (
			);
			runOnlyForDeploymentPostprocessing = 0;
		};
/* End PBXResourcesBuildPhase section */

/* Begin PBXSourcesBuildPhase section */
		6B8F1C6522200041004E9242 /* Sources */ = {
			isa = PBXSourcesBuildPhase;
			buildActionMask = 2147483647;
			files = (
				6B8F1C6F22200041004E9242 /* ViewController.swift in Sources */,
				6B8F1C6D22200041004E9242 /* AppDelegate.swift in Sources */,
			);
			runOnlyForDeploymentPostprocessing = 0;
		};
		6B8F1C7922200042004E9242 /* Sources */ = {
			isa = PBXSourcesBuildPhase;
			buildActionMask = 2147483647;
			files = (
				6B8F1C8222200042004E9242 /* InterventionTests.swift in Sources */,
			);
			runOnlyForDeploymentPostprocessing = 0;
		};
		6B8F1C8422200042004E9242 /* Sources */ = {
			isa = PBXSourcesBuildPhase;
			buildActionMask = 2147483647;
			files = (
				6B8F1C8D22200042004E9242 /* InterventionUITests.swift in Sources */,
			);
			runOnlyForDeploymentPostprocessing = 0;
		};
/* End PBXSourcesBuildPhase section */

/* Begin PBXTargetDependency section */
		6B8F1C7F22200042004E9242 /* PBXTargetDependency */ = {
			isa = PBXTargetDependency;
			target = 6B8F1C6822200041004E9242 /* Intervention */;
			targetProxy = 6B8F1C7E22200042004E9242 /* PBXContainerItemProxy */;
		};
		6B8F1C8A22200042004E9242 /* PBXTargetDependency */ = {
			isa = PBXTargetDependency;
			target = 6B8F1C6822200041004E9242 /* Intervention */;
			targetProxy = 6B8F1C8922200042004E9242 /* PBXContainerItemProxy */;
		};
/* End PBXTargetDependency section */

/* Begin PBXVariantGroup section */
		6B8F1C7022200041004E9242 /* Main.storyboard */ = {
			isa = PBXVariantGroup;
			children = (
				6B8F1C7122200041004E9242 /* Base */,
			);
			name = Main.storyboard;
			sourceTree = "<group>";
		};
		6B8F1C7522200042004E9242 /* LaunchScreen.storyboard */ = {
			isa = PBXVariantGroup;
			children = (
				6B8F1C7622200042004E9242 /* Base */,
			);
			name = LaunchScreen.storyboard;
			sourceTree = "<group>";
		};
/* End PBXVariantGroup section */

/* Begin XCBuildConfiguration section */
		6B8F1C8F22200042004E9242 /* Debug */ = {
			isa = XCBuildConfiguration;
			buildSettings = {
				ALWAYS_SEARCH_USER_PATHS = NO;
				CLANG_ANALYZER_NONNULL = YES;
				CLANG_ANALYZER_NUMBER_OBJECT_CONVERSION = YES_AGGRESSIVE;
				CLANG_CXX_LANGUAGE_STANDARD = "gnu++14";
				CLANG_CXX_LIBRARY = "libc++";
				CLANG_ENABLE_MODULES = YES;
				CLANG_ENABLE_OBJC_ARC = YES;
				CLANG_ENABLE_OBJC_WEAK = YES;
				CLANG_WARN_BLOCK_CAPTURE_AUTORELEASING = YES;
				CLANG_WARN_BOOL_CONVERSION = YES;
				CLANG_WARN_COMMA = YES;
				CLANG_WARN_CONSTANT_CONVERSION = YES;
				CLANG_WARN_DEPRECATED_OBJC_IMPLEMENTATIONS = YES;
				CLANG_WARN_DIRECT_OBJC_ISA_USAGE = YES_ERROR;
				CLANG_WARN_DOCUMENTATION_COMMENTS = YES;
				CLANG_WARN_EMPTY_BODY = YES;
				CLANG_WARN_ENUM_CONVERSION = YES;
				CLANG_WARN_INFINITE_RECURSION = YES;
				CLANG_WARN_INT_CONVERSION = YES;
				CLANG_WARN_NON_LITERAL_NULL_CONVERSION = YES;
				CLANG_WARN_OBJC_IMPLICIT_RETAIN_SELF = YES;
				CLANG_WARN_OBJC_LITERAL_CONVERSION = YES;
				CLANG_WARN_OBJC_ROOT_CLASS = YES_ERROR;
				CLANG_WARN_RANGE_LOOP_ANALYSIS = YES;
				CLANG_WARN_STRICT_PROTOTYPES = YES;
				CLANG_WARN_SUSPICIOUS_MOVE = YES;
				CLANG_WARN_UNGUARDED_AVAILABILITY = YES_AGGRESSIVE;
				CLANG_WARN_UNREACHABLE_CODE = YES;
				CLANG_WARN__DUPLICATE_METHOD_MATCH = YES;
				CODE_SIGN_IDENTITY = "iPhone Developer";
				COPY_PHASE_STRIP = NO;
				DEBUG_INFORMATION_FORMAT = dwarf;
				ENABLE_STRICT_OBJC_MSGSEND = YES;
				ENABLE_TESTABILITY = YES;
				GCC_C_LANGUAGE_STANDARD = gnu11;
				GCC_DYNAMIC_NO_PIC = NO;
				GCC_NO_COMMON_BLOCKS = YES;
				GCC_OPTIMIZATION_LEVEL = 0;
				GCC_PREPROCESSOR_DEFINITIONS = (
					"DEBUG=1",
					"$(inherited)",
				);
				GCC_WARN_64_TO_32_BIT_CONVERSION = YES;
				GCC_WARN_ABOUT_RETURN_TYPE = YES_ERROR;
				GCC_WARN_UNDECLARED_SELECTOR = YES;
				GCC_WARN_UNINITIALIZED_AUTOS = YES_AGGRESSIVE;
				GCC_WARN_UNUSED_FUNCTION = YES;
				GCC_WARN_UNUSED_VARIABLE = YES;
				IPHONEOS_DEPLOYMENT_TARGET = 12.1;
				MTL_ENABLE_DEBUG_INFO = INCLUDE_SOURCE;
				MTL_FAST_MATH = YES;
				ONLY_ACTIVE_ARCH = YES;
				SDKROOT = iphoneos;
				SWIFT_ACTIVE_COMPILATION_CONDITIONS = DEBUG;
				SWIFT_OPTIMIZATION_LEVEL = "-Onone";
			};
			name = Debug;
		};
		6B8F1C9022200042004E9242 /* Release */ = {
			isa = XCBuildConfiguration;
			buildSettings = {
				ALWAYS_SEARCH_USER_PATHS = NO;
				CLANG_ANALYZER_NONNULL = YES;
				CLANG_ANALYZER_NUMBER_OBJECT_CONVERSION = YES_AGGRESSIVE;
				CLANG_CXX_LANGUAGE_STANDARD = "gnu++14";
				CLANG_CXX_LIBRARY = "libc++";
				CLANG_ENABLE_MODULES = YES;
				CLANG_ENABLE_OBJC_ARC = YES;
				CLANG_ENABLE_OBJC_WEAK = YES;
				CLANG_WARN_BLOCK_CAPTURE_AUTORELEASING = YES;
				CLANG_WARN_BOOL_CONVERSION = YES;
				CLANG_WARN_COMMA = YES;
				CLANG_WARN_CONSTANT_CONVERSION = YES;
				CLANG_WARN_DEPRECATED_OBJC_IMPLEMENTATIONS = YES;
				CLANG_WARN_DIRECT_OBJC_ISA_USAGE = YES_ERROR;
				CLANG_WARN_DOCUMENTATION_COMMENTS = YES;
				CLANG_WARN_EMPTY_BODY = YES;
				CLANG_WARN_ENUM_CONVERSION = YES;
				CLANG_WARN_INFINITE_RECURSION = YES;
				CLANG_WARN_INT_CONVERSION = YES;
				CLANG_WARN_NON_LITERAL_NULL_CONVERSION = YES;
				CLANG_WARN_OBJC_IMPLICIT_RETAIN_SELF = YES;
				CLANG_WARN_OBJC_LITERAL_CONVERSION = YES;
				CLANG_WARN_OBJC_ROOT_CLASS = YES_ERROR;
				CLANG_WARN_RANGE_LOOP_ANALYSIS = YES;
				CLANG_WARN_STRICT_PROTOTYPES = YES;
				CLANG_WARN_SUSPICIOUS_MOVE = YES;
				CLANG_WARN_UNGUARDED_AVAILABILITY = YES_AGGRESSIVE;
				CLANG_WARN_UNREACHABLE_CODE = YES;
				CLANG_WARN__DUPLICATE_METHOD_MATCH = YES;
				CODE_SIGN_IDENTITY = "iPhone Developer";
				COPY_PHASE_STRIP = NO;
				DEBUG_INFORMATION_FORMAT = "dwarf-with-dsym";
				ENABLE_NS_ASSERTIONS = NO;
				ENABLE_STRICT_OBJC_MSGSEND = YES;
				GCC_C_LANGUAGE_STANDARD = gnu11;
				GCC_NO_COMMON_BLOCKS = YES;
				GCC_WARN_64_TO_32_BIT_CONVERSION = YES;
				GCC_WARN_ABOUT_RETURN_TYPE = YES_ERROR;
				GCC_WARN_UNDECLARED_SELECTOR = YES;
				GCC_WARN_UNINITIALIZED_AUTOS = YES_AGGRESSIVE;
				GCC_WARN_UNUSED_FUNCTION = YES;
				GCC_WARN_UNUSED_VARIABLE = YES;
				IPHONEOS_DEPLOYMENT_TARGET = 12.1;
				MTL_ENABLE_DEBUG_INFO = NO;
				MTL_FAST_MATH = YES;
				SDKROOT = iphoneos;
				SWIFT_COMPILATION_MODE = wholemodule;
				SWIFT_OPTIMIZATION_LEVEL = "-O";
				VALIDATE_PRODUCT = YES;
			};
			name = Release;
		};
		6B8F1C9222200042004E9242 /* Debug */ = {
			isa = XCBuildConfiguration;
			buildSettings = {
				ASSETCATALOG_COMPILER_APPICON_NAME = AppIcon;
				CODE_SIGN_STYLE = Automatic;
				DEVELOPMENT_TEAM = U5L55MZGX9;
				INFOPLIST_FILE = Intervention/Info.plist;
				LD_RUNPATH_SEARCH_PATHS = (
					"$(inherited)",
					"@executable_path/Frameworks",
				);
				PRODUCT_BUNDLE_IDENTIFIER = naughtyserver.Intervention;
				PRODUCT_NAME = "$(TARGET_NAME)";
				SWIFT_VERSION = 4.2;
				TARGETED_DEVICE_FAMILY = 1;
			};
			name = Debug;
		};
		6B8F1C9322200042004E9242 /* Release */ = {
			isa = XCBuildConfiguration;
			buildSettings = {
				ASSETCATALOG_COMPILER_APPICON_NAME = AppIcon;
				CODE_SIGN_STYLE = Automatic;
				DEVELOPMENT_TEAM = U5L55MZGX9;
				INFOPLIST_FILE = Intervention/Info.plist;
				LD_RUNPATH_SEARCH_PATHS = (
					"$(inherited)",
					"@executable_path/Frameworks",
				);
				PRODUCT_BUNDLE_IDENTIFIER = naughtyserver.Intervention;
				PRODUCT_NAME = "$(TARGET_NAME)";
				SWIFT_VERSION = 4.2;
				TARGETED_DEVICE_FAMILY = 1;
			};
			name = Release;
		};
		6B8F1C9522200042004E9242 /* Debug */ = {
			isa = XCBuildConfiguration;
			buildSettings = {
				ALWAYS_EMBED_SWIFT_STANDARD_LIBRARIES = YES;
				BUNDLE_LOADER = "$(TEST_HOST)";
				CODE_SIGN_STYLE = Automatic;
				INFOPLIST_FILE = InterventionTests/Info.plist;
				LD_RUNPATH_SEARCH_PATHS = (
					"$(inherited)",
					"@executable_path/Frameworks",
					"@loader_path/Frameworks",
				);
				PRODUCT_BUNDLE_IDENTIFIER = naughtyserver.InterventionTests;
				PRODUCT_NAME = "$(TARGET_NAME)";
				SWIFT_VERSION = 4.2;
				TARGETED_DEVICE_FAMILY = "1,2";
				TEST_HOST = "$(BUILT_PRODUCTS_DIR)/Intervention.app/Intervention";
			};
			name = Debug;
		};
		6B8F1C9622200042004E9242 /* Release */ = {
			isa = XCBuildConfiguration;
			buildSettings = {
				ALWAYS_EMBED_SWIFT_STANDARD_LIBRARIES = YES;
				BUNDLE_LOADER = "$(TEST_HOST)";
				CODE_SIGN_STYLE = Automatic;
				INFOPLIST_FILE = InterventionTests/Info.plist;
				LD_RUNPATH_SEARCH_PATHS = (
					"$(inherited)",
					"@executable_path/Frameworks",
					"@loader_path/Frameworks",
				);
				PRODUCT_BUNDLE_IDENTIFIER = naughtyserver.InterventionTests;
				PRODUCT_NAME = "$(TARGET_NAME)";
				SWIFT_VERSION = 4.2;
				TARGETED_DEVICE_FAMILY = "1,2";
				TEST_HOST = "$(BUILT_PRODUCTS_DIR)/Intervention.app/Intervention";
			};
			name = Release;
		};
		6B8F1C9822200042004E9242 /* Debug */ = {
			isa = XCBuildConfiguration;
			buildSettings = {
				ALWAYS_EMBED_SWIFT_STANDARD_LIBRARIES = YES;
				CODE_SIGN_STYLE = Automatic;
				INFOPLIST_FILE = InterventionUITests/Info.plist;
				LD_RUNPATH_SEARCH_PATHS = (
					"$(inherited)",
					"@executable_path/Frameworks",
					"@loader_path/Frameworks",
				);
				PRODUCT_BUNDLE_IDENTIFIER = naughtyserver.InterventionUITests;
				PRODUCT_NAME = "$(TARGET_NAME)";
				SWIFT_VERSION = 4.2;
				TARGETED_DEVICE_FAMILY = "1,2";
				TEST_TARGET_NAME = Intervention;
			};
			name = Debug;
		};
		6B8F1C9922200042004E9242 /* Release */ = {
			isa = XCBuildConfiguration;
			buildSettings = {
				ALWAYS_EMBED_SWIFT_STANDARD_LIBRARIES = YES;
				CODE_SIGN_STYLE = Automatic;
				INFOPLIST_FILE = InterventionUITests/Info.plist;
				LD_RUNPATH_SEARCH_PATHS = (
					"$(inherited)",
					"@executable_path/Frameworks",
					"@loader_path/Frameworks",
				);
				PRODUCT_BUNDLE_IDENTIFIER = naughtyserver.InterventionUITests;
				PRODUCT_NAME = "$(TARGET_NAME)";
				SWIFT_VERSION = 4.2;
				TARGETED_DEVICE_FAMILY = "1,2";
				TEST_TARGET_NAME = Intervention;
			};
			name = Release;
		};
/* End XCBuildConfiguration section */

/* Begin XCConfigurationList section */
		6B8F1C6422200041004E9242 /* Build configuration list for PBXProject "Intervention" */ = {
			isa = XCConfigurationList;
			buildConfigurations = (
				6B8F1C8F22200042004E9242 /* Debug */,
				6B8F1C9022200042004E9242 /* Release */,
			);
			defaultConfigurationIsVisible = 0;
			defaultConfigurationName = Release;
		};
		6B8F1C9122200042004E9242 /* Build configuration list for PBXNativeTarget "Intervention" */ = {
			isa = XCConfigurationList;
			buildConfigurations = (
				6B8F1C9222200042004E9242 /* Debug */,
				6B8F1C9322200042004E9242 /* Release */,
			);
			defaultConfigurationIsVisible = 0;
			defaultConfigurationName = Release;
		};
		6B8F1C9422200042004E9242 /* Build configuration list for PBXNativeTarget "InterventionTests" */ = {
			isa = XCConfigurationList;
			buildConfigurations = (
				6B8F1C9522200042004E9242 /* Debug */,
				6B8F1C9622200042004E9242 /* Release */,
			);
			defaultConfigurationIsVisible = 0;
			defaultConfigurationName = Release;
		};
		6B8F1C9722200042004E9242 /* Build configuration list for PBXNativeTarget "InterventionUITests" */ = {
			isa = XCConfigurationList;
			buildConfigurations = (
				6B8F1C9822200042004E9242 /* Debug */,
				6B8F1C9922200042004E9242 /* Release */,
			);
			defaultConfigurationIsVisible = 0;
			defaultConfigurationName = Release;
		};
/* End XCConfigurationList section */
	};
	rootObject = 6B8F1C6122200041004E9242 /* Project object */;
}
